
Microsoft Visual Studio Solution File, Format Version 12.00
# Visual Studio Version 17
VisualStudioVersion = 17.4.33213.308
MinimumVisualStudioVersion = 10.0.40219.1
Project("{9A19103F-16F7-4668-BE54-9A1E7A4F7556}") = "MovieFiles.Ui.Http", "Ui\Http\MovieFiles.Ui.Http.csproj", "{AE8BA02B-A60D-4A3A-9DDE-1BEDE4E84807}"
EndProject
Project("{2150E333-8FDC-42A3-9474-1A3956D46DE8}") = "workflows", "workflows", "{DC1B3B85-8C57-49E6-A6F7-1CB61E08A8DD}"
	ProjectSection(SolutionItems) = preProject
		.github\workflows\azure-blazor-deploy.yml = .github\workflows\azure-blazor-deploy.yml
		.github\workflows\azure-functions-deploy.yml = .github\workflows\azure-functions-deploy.yml
	EndProjectSection
EndProject
Project("{9A19103F-16F7-4668-BE54-9A1E7A4F7556}") = "MovieFiles.Api.Functions", "Api\Functions\MovieFiles.Api.Functions.csproj", "{13C460B2-6486-4C7C-A453-E7ED5F5C02A8}"
EndProject
Project("{9A19103F-16F7-4668-BE54-9A1E7A4F7556}") = "MovieFiles.Core", "Core\MovieFiles.Core.csproj", "{0CB5C9F4-3564-45AC-B344-BF9FDD23368E}"
EndProject
Project("{9A19103F-16F7-4668-BE54-9A1E7A4F7556}") = "MovieFiles.Adapters", "Adapters\MovieFiles.Adapters.csproj", "{8683ABAD-48A6-4E34-9962-77867F16CC4C}"
EndProject
Project("{9A19103F-16F7-4668-BE54-9A1E7A4F7556}") = "MovieFiles.Infrastructure", "Infrastructure\MovieFiles.Infrastructure.csproj", "{DF543D8E-D83A-42A1-881E-12D4A3FEDB88}"
EndProject
Global
	GlobalSection(SolutionConfigurationPlatforms) = preSolution
		Debug|Any CPU = Debug|Any CPU
		Release|Any CPU = Release|Any CPU
	EndGlobalSection
	GlobalSection(ProjectConfigurationPlatforms) = postSolution
		{AE8BA02B-A60D-4A3A-9DDE-1BEDE4E84807}.Debug|Any CPU.ActiveCfg = Debug|Any CPU
		{AE8BA02B-A60D-4A3A-9DDE-1BEDE4E84807}.Debug|Any CPU.Build.0 = Debug|Any CPU
		{AE8BA02B-A60D-4A3A-9DDE-1BEDE4E84807}.Release|Any CPU.ActiveCfg = Release|Any CPU
		{AE8BA02B-A60D-4A3A-9DDE-1BEDE4E84807}.Release|Any CPU.Build.0 = Release|Any CPU
		{13C460B2-6486-4C7C-A453-E7ED5F5C02A8}.Debug|Any CPU.ActiveCfg = Debug|Any CPU
		{13C460B2-6486-4C7C-A453-E7ED5F5C02A8}.Debug|Any CPU.Build.0 = Debug|Any CPU
		{13C460B2-6486-4C7C-A453-E7ED5F5C02A8}.Release|Any CPU.ActiveCfg = Release|Any CPU
		{13C460B2-6486-4C7C-A453-E7ED5F5C02A8}.Release|Any CPU.Build.0 = Release|Any CPU
		{0CB5C9F4-3564-45AC-B344-BF9FDD23368E}.Debug|Any CPU.ActiveCfg = Debug|Any CPU
		{0CB5C9F4-3564-45AC-B344-BF9FDD23368E}.Debug|Any CPU.Build.0 = Debug|Any CPU
		{0CB5C9F4-3564-45AC-B344-BF9FDD23368E}.Release|Any CPU.ActiveCfg = Release|Any CPU
		{0CB5C9F4-3564-45AC-B344-BF9FDD23368E}.Release|Any CPU.Build.0 = Release|Any CPU
		{8683ABAD-48A6-4E34-9962-77867F16CC4C}.Debug|Any CPU.ActiveCfg = Debug|Any CPU
		{8683ABAD-48A6-4E34-9962-77867F16CC4C}.Debug|Any CPU.Build.0 = Debug|Any CPU
		{8683ABAD-48A6-4E34-9962-77867F16CC4C}.Release|Any CPU.ActiveCfg = Release|Any CPU
		{8683ABAD-48A6-4E34-9962-77867F16CC4C}.Release|Any CPU.Build.0 = Release|Any CPU
		{DF543D8E-D83A-42A1-881E-12D4A3FEDB88}.Debug|Any CPU.ActiveCfg = Debug|Any CPU
		{DF543D8E-D83A-42A1-881E-12D4A3FEDB88}.Debug|Any CPU.Build.0 = Debug|Any CPU
		{DF543D8E-D83A-42A1-881E-12D4A3FEDB88}.Release|Any CPU.ActiveCfg = Release|Any CPU
		{DF543D8E-D83A-42A1-881E-12D4A3FEDB88}.Release|Any CPU.Build.0 = Release|Any CPU
	EndGlobalSection
	GlobalSection(SolutionProperties) = preSolution
		HideSolutionNode = FALSE
	EndGlobalSection
	GlobalSection(ExtensibilityGlobals) = postSolution
		SolutionGuid = {49F8D052-570A-4290-891E-4D2920048FD0}
	EndGlobalSection
EndGlobal
